# This file is automatically @generated by Poetry 1.8.2 and should not be changed by hand.

[[package]]
name = "pymodbus"
version = "3.7.0"
description = "A fully featured modbus protocol stack in python"
optional = false
python-versions = ">=3.9.0"
files = [
    {file = "pymodbus-3.7.0-py3-none-any.whl", hash = "sha256:4d4caedea604e294d9a39248dcac05e903e6143e5adfe49aa7edb79d461527e1"},
    {file = "pymodbus-3.7.0.tar.gz", hash = "sha256:5c772babaa61a65ff908293faa668aedcd9d9e10f4bcf5c77a8fe51a6fd9ed47"},
]

[package.extras]
all = ["pymodbus[development,documentation,repl,serial,simulator]"]
development = ["build (>=1.2.1)", "codespell (>=2.3.0)", "coverage (>=7.6.0)", "mypy (>=1.10.1)", "pylint (>=3.2.5)", "pytest (>=8.2.2)", "pytest-asyncio (>=0.23.8)", "pytest-cov (>=5.0.0)", "pytest-profiling (>=1.7.0)", "pytest-timeout (>=2.3.1)", "pytest-xdist (>=3.6.1)", "ruff (>=0.5.3)", "twine (>=5.1.1)", "types-Pygments", "types-pyserial"]
documentation = ["Sphinx (>=7.3.7)", "recommonmark (>=0.7.1)", "sphinx-rtd-theme (>=2.0.0)"]
repl = ["pymodbus-repl (>=2.0.3)"]
serial = ["pyserial (>=3.5)"]
simulator = ["aiohttp (>=3.8.6)", "aiohttp (>=3.9.5)"]

[[package]]
name = "pysungrow"
version = "1.0.0"
description = "Read and manipulate Sungrow inverters"
optional = false
python-versions = ">=3.9,<4.0"
files = [
    {file = "pysungrow-1.0.0-py3-none-any.whl", hash = "sha256:e08a21316c04e36510e5e78b0f7b8b52b094c8df34fd8297eb80c774947f7fd9"},
    {file = "pysungrow-1.0.0.tar.gz", hash = "sha256:16677257f4b7dcd69219516171d90b8bd2ca53606b06f2781915439bc6e169c5"},
]

[package.dependencies]
pymodbus = ">=3.0.2,<4.0.0"

[metadata]
lock-version = "2.0"
python-versions = "^3.12"
content-hash = "78828a49fbef15f683b00464ad88e779f6a0f893fe26bd52926f757aedb3e457"
